
Microsoft Visual Studio Solution File, Format Version 12.00
# Visual Studio 14
VisualStudioVersion = 14.0.25420.1
MinimumVisualStudioVersion = 10.0.40219.1
Project("{8BC9CEB8-8B4A-11D0-8D11-00A0C91BC942}") = "Parser", "Parser\Parser.vcxproj", "{77BE9964-7862-4D05-AFF0-B42718AAE386}"
EndProject
Project("{8BC9CEB8-8B4A-11D0-8D11-00A0C91BC942}") = "ScopeStack", "ScopeStack\ScopeStack.vcxproj", "{0AE7CD6E-0797-422E-8DB9-407E517624A5}"
EndProject
Project("{8BC9CEB8-8B4A-11D0-8D11-00A0C91BC942}") = "Tokenizer", "Tokenizer\Tokenizer.vcxproj", "{FD63AD3D-4A25-4F5C-BD43-1E19192357F2}"
EndProject
Project("{8BC9CEB8-8B4A-11D0-8D11-00A0C91BC942}") = "SemiExp", "SemiExp\SemiExp.vcxproj", "{C1131546-C8AE-4A24-A866-4A28DFDB72B9}"
EndProject
Project("{2150E333-8FDC-42A3-9474-1A3956D46DE8}") = "Solution Items", "Solution Items", "{8ADAF054-CA21-488D-A284-860557308134}"
	ProjectSection(SolutionItems) = preProject
		ToDo.txt = ToDo.txt
	EndProjectSection
EndProject
Project("{8BC9CEB8-8B4A-11D0-8D11-00A0C91BC942}") = "FileMgr", "FileMgr\FileMgr.vcxproj", "{DDEE27FF-855E-4D10-AD7B-79CB8966EF13}"
EndProject
Project("{8BC9CEB8-8B4A-11D0-8D11-00A0C91BC942}") = "Logger", "Logger\Logger.vcxproj", "{66D2C764-9DA8-4505-B869-8E84E8968F7C}"
EndProject
Project("{8BC9CEB8-8B4A-11D0-8D11-00A0C91BC942}") = "Utilities", "Utilities\Utilities.vcxproj", "{462B43B2-8B13-4178-BF2A-903F76F1985C}"
EndProject
Project("{8BC9CEB8-8B4A-11D0-8D11-00A0C91BC942}") = "AbstractSyntaxTree", "AbstractSyntaxTree\AbstractSyntaxTree.vcxproj", "{53C7C53B-4D2F-4E71-9AF3-0B77DD0034B3}"
EndProject
Project("{8BC9CEB8-8B4A-11D0-8D11-00A0C91BC942}") = "VisualCodeAnalyzer", "GUI\GUI.vcxproj", "{27F7A59B-D686-46D4-83FB-5CE90E42478C}"
EndProject
Project("{8BC9CEB8-8B4A-11D0-8D11-00A0C91BC942}") = "FileSystem", "FileSystem\FileSystem.vcxproj", "{04CB7A5F-7472-4F19-9EA9-00B80063658C}"
EndProject
Project("{8BC9CEB8-8B4A-11D0-8D11-00A0C91BC942}") = "Cpp11-BlockingQueue", "Cpp11-BlockingQueue\Cpp11-BlockingQueue.vcxproj", "{9EFC55B0-E8E8-443D-920F-C09D0AF54185}"
EndProject
Project("{8BC9CEB8-8B4A-11D0-8D11-00A0C91BC942}") = "CodeAnalyzer", "Analyzer\Executive.vcxproj", "{936434E9-93F0-467B-BBB7-D682483244BA}"
EndProject
Project("{8BC9CEB8-8B4A-11D0-8D11-00A0C91BC942}") = "TestFiles", "TestFiles\TestFiles.vcxproj", "{9B467863-4681-42C2-A4DE-EF3D89A802A2}"
EndProject
Project("{FAE04EC0-301F-11D3-BF4B-00C04F79EFBC}") = "TestFiles-CS", "TestFiles-CS\TestFiles-CS.csproj", "{A57CD6DE-31C9-4F50-BD9A-0BB2DDEDF7BB}"
EndProject
Project("{8BC9CEB8-8B4A-11D0-8D11-00A0C91BC942}") = "GrammarHelpers", "GrammarHelpers\GrammarHelpers.vcxproj", "{119080C0-DA30-4A3C-85D6-37315067CB1A}"
EndProject
Project("{8BC9CEB8-8B4A-11D0-8D11-00A0C91BC942}") = "TypeTable", "TypeTable\TypeTable.vcxproj", "{6F61F3AB-B13F-404B-B2A4-580005B28591}"
EndProject
Project("{8BC9CEB8-8B4A-11D0-8D11-00A0C91BC942}") = "DependencyTable", "DependencyTable\DependencyTable.vcxproj", "{FF5B9CF6-2FFC-4BD2-B015-78EEA2DEFF02}"
EndProject
Project("{8BC9CEB8-8B4A-11D0-8D11-00A0C91BC942}") = "StrongConnnectedComponent", "StrongConnnectedComponent\StrongConnnectedComponent.vcxproj", "{83E58C34-6FF9-42A7-8117-041CF4AA916B}"
EndProject
Project("{8BC9CEB8-8B4A-11D0-8D11-00A0C91BC942}") = "Convert", "Convert\Convert.vcxproj", "{C6413899-939E-48E8-A9E6-61C8D36C718F}"
EndProject
Project("{8BC9CEB8-8B4A-11D0-8D11-00A0C91BC942}") = "XmlDocument", "XmlDoc\XmlDocument\XmlDocument.vcxproj", "{0A82ECDC-7520-453A-8F2C-D813FEEE7537}"
EndProject
Project("{8BC9CEB8-8B4A-11D0-8D11-00A0C91BC942}") = "NoSqlDb", "NoSqlDb\NoSqlDb.vcxproj", "{0258661B-F975-4061-9AA6-5E201397C91D}"
EndProject
Project("{8BC9CEB8-8B4A-11D0-8D11-00A0C91BC942}") = "Display", "Display\Display.vcxproj", "{56D2F9D9-567B-44A9-9FBA-FC233DB0A6B3}"
EndProject
Project("{8BC9CEB8-8B4A-11D0-8D11-00A0C91BC942}") = "CppProperties", "CppProperties\CppProperties.vcxproj", "{AC00494F-1347-47E2-B499-0F4B984B02D7}"
EndProject
Project("{8BC9CEB8-8B4A-11D0-8D11-00A0C91BC942}") = "TestExecutive", "TestExecutive\TestExecutive.vcxproj", "{34A123C6-1001-4A8C-814C-AE1C04B0952B}"
EndProject
Project("{8BC9CEB8-8B4A-11D0-8D11-00A0C91BC942}") = "HtmlParsing", "HtmlParsing\HtmlParsing.vcxproj", "{F6886453-D455-47E4-97D9-8C0AE91BFC73}"
EndProject
Project("{8BC9CEB8-8B4A-11D0-8D11-00A0C91BC942}") = "Client", "Client\Client.vcxproj", "{8C0D77F1-9AF6-4128-86DD-F942D89B787D}"
EndProject
Project("{8BC9CEB8-8B4A-11D0-8D11-00A0C91BC942}") = "Server", "Server\Server.vcxproj", "{B7EEC589-37FD-46C5-B576-F6BB7A9DF988}"
EndProject
Global
	GlobalSection(SolutionConfigurationPlatforms) = preSolution
		Debug|Any CPU = Debug|Any CPU
		Debug|x64 = Debug|x64
		Debug|x86 = Debug|x86
		Release|Any CPU = Release|Any CPU
		Release|x64 = Release|x64
		Release|x86 = Release|x86
	EndGlobalSection
	GlobalSection(ProjectConfigurationPlatforms) = postSolution
		{77BE9964-7862-4D05-AFF0-B42718AAE386}.Debug|Any CPU.ActiveCfg = Debug|Win32
		{77BE9964-7862-4D05-AFF0-B42718AAE386}.Debug|x64.ActiveCfg = Debug|x64
		{77BE9964-7862-4D05-AFF0-B42718AAE386}.Debug|x64.Build.0 = Debug|x64
		{77BE9964-7862-4D05-AFF0-B42718AAE386}.Debug|x86.ActiveCfg = Debug|Win32
		{77BE9964-7862-4D05-AFF0-B42718AAE386}.Debug|x86.Build.0 = Debug|Win32
		{77BE9964-7862-4D05-AFF0-B42718AAE386}.Release|Any CPU.ActiveCfg = Release|Win32
		{77BE9964-7862-4D05-AFF0-B42718AAE386}.Release|x64.ActiveCfg = Release|x64
		{77BE9964-7862-4D05-AFF0-B42718AAE386}.Release|x64.Build.0 = Release|x64
		{77BE9964-7862-4D05-AFF0-B42718AAE386}.Release|x86.ActiveCfg = Release|Win32
		{77BE9964-7862-4D05-AFF0-B42718AAE386}.Release|x86.Build.0 = Release|Win32
		{0AE7CD6E-0797-422E-8DB9-407E517624A5}.Debug|Any CPU.ActiveCfg = Debug|Win32
		{0AE7CD6E-0797-422E-8DB9-407E517624A5}.Debug|x64.ActiveCfg = Debug|x64
		{0AE7CD6E-0797-422E-8DB9-407E517624A5}.Debug|x64.Build.0 = Debug|x64
		{0AE7CD6E-0797-422E-8DB9-407E517624A5}.Debug|x86.ActiveCfg = Debug|Win32
		{0AE7CD6E-0797-422E-8DB9-407E517624A5}.Debug|x86.Build.0 = Debug|Win32
		{0AE7CD6E-0797-422E-8DB9-407E517624A5}.Release|Any CPU.ActiveCfg = Release|Win32
		{0AE7CD6E-0797-422E-8DB9-407E517624A5}.Release|x64.ActiveCfg = Release|x64
		{0AE7CD6E-0797-422E-8DB9-407E517624A5}.Release|x64.Build.0 = Release|x64
		{0AE7CD6E-0797-422E-8DB9-407E517624A5}.Release|x86.ActiveCfg = Release|Win32
		{0AE7CD6E-0797-422E-8DB9-407E517624A5}.Release|x86.Build.0 = Release|Win32
		{FD63AD3D-4A25-4F5C-BD43-1E19192357F2}.Debug|Any CPU.ActiveCfg = Debug|Win32
		{FD63AD3D-4A25-4F5C-BD43-1E19192357F2}.Debug|x64.ActiveCfg = Debug|Win32
		{FD63AD3D-4A25-4F5C-BD43-1E19192357F2}.Debug|x64.Build.0 = Debug|Win32
		{FD63AD3D-4A25-4F5C-BD43-1E19192357F2}.Debug|x86.ActiveCfg = Debug|Win32
		{FD63AD3D-4A25-4F5C-BD43-1E19192357F2}.Debug|x86.Build.0 = Debug|Win32
		{FD63AD3D-4A25-4F5C-BD43-1E19192357F2}.Release|Any CPU.ActiveCfg = Release|Win32
		{FD63AD3D-4A25-4F5C-BD43-1E19192357F2}.Release|x64.ActiveCfg = Release|Win32
		{FD63AD3D-4A25-4F5C-BD43-1E19192357F2}.Release|x86.ActiveCfg = Release|Win32
		{FD63AD3D-4A25-4F5C-BD43-1E19192357F2}.Release|x86.Build.0 = Release|Win32
		{C1131546-C8AE-4A24-A866-4A28DFDB72B9}.Debug|Any CPU.ActiveCfg = Debug|Win32
		{C1131546-C8AE-4A24-A866-4A28DFDB72B9}.Debug|x64.ActiveCfg = Debug|x64
		{C1131546-C8AE-4A24-A866-4A28DFDB72B9}.Debug|x64.Build.0 = Debug|x64
		{C1131546-C8AE-4A24-A866-4A28DFDB72B9}.Debug|x86.ActiveCfg = Debug|Win32
		{C1131546-C8AE-4A24-A866-4A28DFDB72B9}.Debug|x86.Build.0 = Debug|Win32
		{C1131546-C8AE-4A24-A866-4A28DFDB72B9}.Release|Any CPU.ActiveCfg = Release|Win32
		{C1131546-C8AE-4A24-A866-4A28DFDB72B9}.Release|x64.ActiveCfg = Release|x64
		{C1131546-C8AE-4A24-A866-4A28DFDB72B9}.Release|x64.Build.0 = Release|x64
		{C1131546-C8AE-4A24-A866-4A28DFDB72B9}.Release|x86.ActiveCfg = Release|Win32
		{C1131546-C8AE-4A24-A866-4A28DFDB72B9}.Release|x86.Build.0 = Release|Win32
		{DDEE27FF-855E-4D10-AD7B-79CB8966EF13}.Debug|Any CPU.ActiveCfg = Debug|Win32
		{DDEE27FF-855E-4D10-AD7B-79CB8966EF13}.Debug|x64.ActiveCfg = Debug|Win32
		{DDEE27FF-855E-4D10-AD7B-79CB8966EF13}.Debug|x64.Build.0 = Debug|Win32
		{DDEE27FF-855E-4D10-AD7B-79CB8966EF13}.Debug|x86.ActiveCfg = Debug|Win32
		{DDEE27FF-855E-4D10-AD7B-79CB8966EF13}.Debug|x86.Build.0 = Debug|Win32
		{DDEE27FF-855E-4D10-AD7B-79CB8966EF13}.Release|Any CPU.ActiveCfg = Release|Win32
		{DDEE27FF-855E-4D10-AD7B-79CB8966EF13}.Release|x64.ActiveCfg = Release|Win32
		{DDEE27FF-855E-4D10-AD7B-79CB8966EF13}.Release|x86.ActiveCfg = Release|Win32
		{DDEE27FF-855E-4D10-AD7B-79CB8966EF13}.Release|x86.Build.0 = Release|Win32
		{66D2C764-9DA8-4505-B869-8E84E8968F7C}.Debug|Any CPU.ActiveCfg = Debug|Win32
		{66D2C764-9DA8-4505-B869-8E84E8968F7C}.Debug|x64.ActiveCfg = Debug|x64
		{66D2C764-9DA8-4505-B869-8E84E8968F7C}.Debug|x64.Build.0 = Debug|x64
		{66D2C764-9DA8-4505-B869-8E84E8968F7C}.Debug|x86.ActiveCfg = Debug|Win32
		{66D2C764-9DA8-4505-B869-8E84E8968F7C}.Debug|x86.Build.0 = Debug|Win32
		{66D2C764-9DA8-4505-B869-8E84E8968F7C}.Release|Any CPU.ActiveCfg = Release|Win32
		{66D2C764-9DA8-4505-B869-8E84E8968F7C}.Release|x64.ActiveCfg = Release|x64
		{66D2C764-9DA8-4505-B869-8E84E8968F7C}.Release|x64.Build.0 = Release|x64
		{66D2C764-9DA8-4505-B869-8E84E8968F7C}.Release|x86.ActiveCfg = Release|Win32
		{66D2C764-9DA8-4505-B869-8E84E8968F7C}.Release|x86.Build.0 = Release|Win32
		{462B43B2-8B13-4178-BF2A-903F76F1985C}.Debug|Any CPU.ActiveCfg = Debug|Win32
		{462B43B2-8B13-4178-BF2A-903F76F1985C}.Debug|x64.ActiveCfg = Debug|x64
		{462B43B2-8B13-4178-BF2A-903F76F1985C}.Debug|x64.Build.0 = Debug|x64
		{462B43B2-8B13-4178-BF2A-903F76F1985C}.Debug|x86.ActiveCfg = Debug|Win32
		{462B43B2-8B13-4178-BF2A-903F76F1985C}.Debug|x86.Build.0 = Debug|Win32
		{462B43B2-8B13-4178-BF2A-903F76F1985C}.Release|Any CPU.ActiveCfg = Release|Win32
		{462B43B2-8B13-4178-BF2A-903F76F1985C}.Release|x64.ActiveCfg = Release|x64
		{462B43B2-8B13-4178-BF2A-903F76F1985C}.Release|x64.Build.0 = Release|x64
		{462B43B2-8B13-4178-BF2A-903F76F1985C}.Release|x86.ActiveCfg = Release|Win32
		{462B43B2-8B13-4178-BF2A-903F76F1985C}.Release|x86.Build.0 = Release|Win32
		{53C7C53B-4D2F-4E71-9AF3-0B77DD0034B3}.Debug|Any CPU.ActiveCfg = Debug|Win32
		{53C7C53B-4D2F-4E71-9AF3-0B77DD0034B3}.Debug|x64.ActiveCfg = Debug|x64
		{53C7C53B-4D2F-4E71-9AF3-0B77DD0034B3}.Debug|x64.Build.0 = Debug|x64
		{53C7C53B-4D2F-4E71-9AF3-0B77DD0034B3}.Debug|x86.ActiveCfg = Debug|Win32
		{53C7C53B-4D2F-4E71-9AF3-0B77DD0034B3}.Debug|x86.Build.0 = Debug|Win32
		{53C7C53B-4D2F-4E71-9AF3-0B77DD0034B3}.Release|Any CPU.ActiveCfg = Release|Win32
		{53C7C53B-4D2F-4E71-9AF3-0B77DD0034B3}.Release|x64.ActiveCfg = Release|x64
		{53C7C53B-4D2F-4E71-9AF3-0B77DD0034B3}.Release|x64.Build.0 = Release|x64
		{53C7C53B-4D2F-4E71-9AF3-0B77DD0034B3}.Release|x86.ActiveCfg = Release|Win32
		{53C7C53B-4D2F-4E71-9AF3-0B77DD0034B3}.Release|x86.Build.0 = Release|Win32
		{27F7A59B-D686-46D4-83FB-5CE90E42478C}.Debug|Any CPU.ActiveCfg = Debug|Win32
		{27F7A59B-D686-46D4-83FB-5CE90E42478C}.Debug|x64.ActiveCfg = Debug|x64
		{27F7A59B-D686-46D4-83FB-5CE90E42478C}.Debug|x64.Build.0 = Debug|x64
		{27F7A59B-D686-46D4-83FB-5CE90E42478C}.Debug|x86.ActiveCfg = Debug|Win32
		{27F7A59B-D686-46D4-83FB-5CE90E42478C}.Debug|x86.Build.0 = Debug|Win32
		{27F7A59B-D686-46D4-83FB-5CE90E42478C}.Release|Any CPU.ActiveCfg = Release|Win32
		{27F7A59B-D686-46D4-83FB-5CE90E42478C}.Release|x64.ActiveCfg = Release|x64
		{27F7A59B-D686-46D4-83FB-5CE90E42478C}.Release|x64.Build.0 = Release|x64
		{27F7A59B-D686-46D4-83FB-5CE90E42478C}.Release|x86.ActiveCfg = Release|Win32
		{27F7A59B-D686-46D4-83FB-5CE90E42478C}.Release|x86.Build.0 = Release|Win32
		{04CB7A5F-7472-4F19-9EA9-00B80063658C}.Debug|Any CPU.ActiveCfg = Debug|Win32
		{04CB7A5F-7472-4F19-9EA9-00B80063658C}.Debug|x64.ActiveCfg = Debug|x64
		{04CB7A5F-7472-4F19-9EA9-00B80063658C}.Debug|x64.Build.0 = Debug|x64
		{04CB7A5F-7472-4F19-9EA9-00B80063658C}.Debug|x86.ActiveCfg = Debug|Win32
		{04CB7A5F-7472-4F19-9EA9-00B80063658C}.Debug|x86.Build.0 = Debug|Win32
		{04CB7A5F-7472-4F19-9EA9-00B80063658C}.Release|Any CPU.ActiveCfg = Release|Win32
		{04CB7A5F-7472-4F19-9EA9-00B80063658C}.Release|x64.ActiveCfg = Release|x64
		{04CB7A5F-7472-4F19-9EA9-00B80063658C}.Release|x64.Build.0 = Release|x64
		{04CB7A5F-7472-4F19-9EA9-00B80063658C}.Release|x86.ActiveCfg = Release|Win32
		{04CB7A5F-7472-4F19-9EA9-00B80063658C}.Release|x86.Build.0 = Release|Win32
		{9EFC55B0-E8E8-443D-920F-C09D0AF54185}.Debug|Any CPU.ActiveCfg = Debug|Win32
		{9EFC55B0-E8E8-443D-920F-C09D0AF54185}.Debug|x64.ActiveCfg = Debug|x64
		{9EFC55B0-E8E8-443D-920F-C09D0AF54185}.Debug|x64.Build.0 = Debug|x64
		{9EFC55B0-E8E8-443D-920F-C09D0AF54185}.Debug|x86.ActiveCfg = Debug|Win32
		{9EFC55B0-E8E8-443D-920F-C09D0AF54185}.Debug|x86.Build.0 = Debug|Win32
		{9EFC55B0-E8E8-443D-920F-C09D0AF54185}.Release|Any CPU.ActiveCfg = Release|Win32
		{9EFC55B0-E8E8-443D-920F-C09D0AF54185}.Release|x64.ActiveCfg = Release|x64
		{9EFC55B0-E8E8-443D-920F-C09D0AF54185}.Release|x64.Build.0 = Release|x64
		{9EFC55B0-E8E8-443D-920F-C09D0AF54185}.Release|x86.ActiveCfg = Release|Win32
		{9EFC55B0-E8E8-443D-920F-C09D0AF54185}.Release|x86.Build.0 = Release|Win32
		{936434E9-93F0-467B-BBB7-D682483244BA}.Debug|Any CPU.ActiveCfg = Debug|Win32
		{936434E9-93F0-467B-BBB7-D682483244BA}.Debug|x64.ActiveCfg = Debug|x64
		{936434E9-93F0-467B-BBB7-D682483244BA}.Debug|x64.Build.0 = Debug|x64
		{936434E9-93F0-467B-BBB7-D682483244BA}.Debug|x86.ActiveCfg = Debug|Win32
		{936434E9-93F0-467B-BBB7-D682483244BA}.Debug|x86.Build.0 = Debug|Win32
		{936434E9-93F0-467B-BBB7-D682483244BA}.Release|Any CPU.ActiveCfg = Release|Win32
		{936434E9-93F0-467B-BBB7-D682483244BA}.Release|x64.ActiveCfg = Release|x64
		{936434E9-93F0-467B-BBB7-D682483244BA}.Release|x64.Build.0 = Release|x64
		{936434E9-93F0-467B-BBB7-D682483244BA}.Release|x86.ActiveCfg = Release|Win32
		{936434E9-93F0-467B-BBB7-D682483244BA}.Release|x86.Build.0 = Release|Win32
		{9B467863-4681-42C2-A4DE-EF3D89A802A2}.Debug|Any CPU.ActiveCfg = Debug|Win32
		{9B467863-4681-42C2-A4DE-EF3D89A802A2}.Debug|x64.ActiveCfg = Debug|x64
		{9B467863-4681-42C2-A4DE-EF3D89A802A2}.Debug|x64.Build.0 = Debug|x64
		{9B467863-4681-42C2-A4DE-EF3D89A802A2}.Debug|x86.ActiveCfg = Debug|Win32
		{9B467863-4681-42C2-A4DE-EF3D89A802A2}.Debug|x86.Build.0 = Debug|Win32
		{9B467863-4681-42C2-A4DE-EF3D89A802A2}.Release|Any CPU.ActiveCfg = Release|Win32
		{9B467863-4681-42C2-A4DE-EF3D89A802A2}.Release|x64.ActiveCfg = Release|x64
		{9B467863-4681-42C2-A4DE-EF3D89A802A2}.Release|x64.Build.0 = Release|x64
		{9B467863-4681-42C2-A4DE-EF3D89A802A2}.Release|x86.ActiveCfg = Release|Win32
		{9B467863-4681-42C2-A4DE-EF3D89A802A2}.Release|x86.Build.0 = Release|Win32
		{A57CD6DE-31C9-4F50-BD9A-0BB2DDEDF7BB}.Debug|Any CPU.ActiveCfg = Debug|Any CPU
		{A57CD6DE-31C9-4F50-BD9A-0BB2DDEDF7BB}.Debug|Any CPU.Build.0 = Debug|Any CPU
		{A57CD6DE-31C9-4F50-BD9A-0BB2DDEDF7BB}.Debug|x64.ActiveCfg = Debug|Any CPU
		{A57CD6DE-31C9-4F50-BD9A-0BB2DDEDF7BB}.Debug|x64.Build.0 = Debug|Any CPU
		{A57CD6DE-31C9-4F50-BD9A-0BB2DDEDF7BB}.Debug|x86.ActiveCfg = Debug|Any CPU
		{A57CD6DE-31C9-4F50-BD9A-0BB2DDEDF7BB}.Debug|x86.Build.0 = Debug|Any CPU
		{A57CD6DE-31C9-4F50-BD9A-0BB2DDEDF7BB}.Release|Any CPU.ActiveCfg = Release|Any CPU
		{A57CD6DE-31C9-4F50-BD9A-0BB2DDEDF7BB}.Release|Any CPU.Build.0 = Release|Any CPU
		{A57CD6DE-31C9-4F50-BD9A-0BB2DDEDF7BB}.Release|x64.ActiveCfg = Release|Any CPU
		{A57CD6DE-31C9-4F50-BD9A-0BB2DDEDF7BB}.Release|x64.Build.0 = Release|Any CPU
		{A57CD6DE-31C9-4F50-BD9A-0BB2DDEDF7BB}.Release|x86.ActiveCfg = Release|Any CPU
		{A57CD6DE-31C9-4F50-BD9A-0BB2DDEDF7BB}.Release|x86.Build.0 = Release|Any CPU
		{119080C0-DA30-4A3C-85D6-37315067CB1A}.Debug|Any CPU.ActiveCfg = Debug|Win32
		{119080C0-DA30-4A3C-85D6-37315067CB1A}.Debug|x64.ActiveCfg = Debug|x64
		{119080C0-DA30-4A3C-85D6-37315067CB1A}.Debug|x64.Build.0 = Debug|x64
		{119080C0-DA30-4A3C-85D6-37315067CB1A}.Debug|x86.ActiveCfg = Debug|Win32
		{119080C0-DA30-4A3C-85D6-37315067CB1A}.Debug|x86.Build.0 = Debug|Win32
		{119080C0-DA30-4A3C-85D6-37315067CB1A}.Release|Any CPU.ActiveCfg = Release|Win32
		{119080C0-DA30-4A3C-85D6-37315067CB1A}.Release|x64.ActiveCfg = Release|x64
		{119080C0-DA30-4A3C-85D6-37315067CB1A}.Release|x64.Build.0 = Release|x64
		{119080C0-DA30-4A3C-85D6-37315067CB1A}.Release|x86.ActiveCfg = Release|Win32
		{119080C0-DA30-4A3C-85D6-37315067CB1A}.Release|x86.Build.0 = Release|Win32
		{6F61F3AB-B13F-404B-B2A4-580005B28591}.Debug|Any CPU.ActiveCfg = Debug|Win32
		{6F61F3AB-B13F-404B-B2A4-580005B28591}.Debug|x64.ActiveCfg = Debug|x64
		{6F61F3AB-B13F-404B-B2A4-580005B28591}.Debug|x64.Build.0 = Debug|x64
		{6F61F3AB-B13F-404B-B2A4-580005B28591}.Debug|x86.ActiveCfg = Debug|Win32
		{6F61F3AB-B13F-404B-B2A4-580005B28591}.Debug|x86.Build.0 = Debug|Win32
		{6F61F3AB-B13F-404B-B2A4-580005B28591}.Release|Any CPU.ActiveCfg = Release|Win32
		{6F61F3AB-B13F-404B-B2A4-580005B28591}.Release|x64.ActiveCfg = Release|x64
		{6F61F3AB-B13F-404B-B2A4-580005B28591}.Release|x64.Build.0 = Release|x64
		{6F61F3AB-B13F-404B-B2A4-580005B28591}.Release|x86.ActiveCfg = Release|Win32
		{6F61F3AB-B13F-404B-B2A4-580005B28591}.Release|x86.Build.0 = Release|Win32
		{FF5B9CF6-2FFC-4BD2-B015-78EEA2DEFF02}.Debug|Any CPU.ActiveCfg = Debug|Win32
		{FF5B9CF6-2FFC-4BD2-B015-78EEA2DEFF02}.Debug|x64.ActiveCfg = Debug|x64
		{FF5B9CF6-2FFC-4BD2-B015-78EEA2DEFF02}.Debug|x64.Build.0 = Debug|x64
		{FF5B9CF6-2FFC-4BD2-B015-78EEA2DEFF02}.Debug|x86.ActiveCfg = Debug|Win32
		{FF5B9CF6-2FFC-4BD2-B015-78EEA2DEFF02}.Debug|x86.Build.0 = Debug|Win32
		{FF5B9CF6-2FFC-4BD2-B015-78EEA2DEFF02}.Release|Any CPU.ActiveCfg = Release|Win32
		{FF5B9CF6-2FFC-4BD2-B015-78EEA2DEFF02}.Release|x64.ActiveCfg = Release|x64
		{FF5B9CF6-2FFC-4BD2-B015-78EEA2DEFF02}.Release|x64.Build.0 = Release|x64
		{FF5B9CF6-2FFC-4BD2-B015-78EEA2DEFF02}.Release|x86.ActiveCfg = Release|Win32
		{FF5B9CF6-2FFC-4BD2-B015-78EEA2DEFF02}.Release|x86.Build.0 = Release|Win32
		{83E58C34-6FF9-42A7-8117-041CF4AA916B}.Debug|Any CPU.ActiveCfg = Debug|Win32
		{83E58C34-6FF9-42A7-8117-041CF4AA916B}.Debug|x64.ActiveCfg = Debug|x64
		{83E58C34-6FF9-42A7-8117-041CF4AA916B}.Debug|x64.Build.0 = Debug|x64
		{83E58C34-6FF9-42A7-8117-041CF4AA916B}.Debug|x86.ActiveCfg = Debug|Win32
		{83E58C34-6FF9-42A7-8117-041CF4AA916B}.Debug|x86.Build.0 = Debug|Win32
		{83E58C34-6FF9-42A7-8117-041CF4AA916B}.Release|Any CPU.ActiveCfg = Release|Win32
		{83E58C34-6FF9-42A7-8117-041CF4AA916B}.Release|x64.ActiveCfg = Release|x64
		{83E58C34-6FF9-42A7-8117-041CF4AA916B}.Release|x64.Build.0 = Release|x64
		{83E58C34-6FF9-42A7-8117-041CF4AA916B}.Release|x86.ActiveCfg = Release|Win32
		{83E58C34-6FF9-42A7-8117-041CF4AA916B}.Release|x86.Build.0 = Release|Win32
		{C6413899-939E-48E8-A9E6-61C8D36C718F}.Debug|Any CPU.ActiveCfg = Debug|Win32
		{C6413899-939E-48E8-A9E6-61C8D36C718F}.Debug|x64.ActiveCfg = Debug|x64
		{C6413899-939E-48E8-A9E6-61C8D36C718F}.Debug|x64.Build.0 = Debug|x64
		{C6413899-939E-48E8-A9E6-61C8D36C718F}.Debug|x86.ActiveCfg = Debug|Win32
		{C6413899-939E-48E8-A9E6-61C8D36C718F}.Debug|x86.Build.0 = Debug|Win32
		{C6413899-939E-48E8-A9E6-61C8D36C718F}.Release|Any CPU.ActiveCfg = Release|Win32
		{C6413899-939E-48E8-A9E6-61C8D36C718F}.Release|x64.ActiveCfg = Release|x64
		{C6413899-939E-48E8-A9E6-61C8D36C718F}.Release|x64.Build.0 = Release|x64
		{C6413899-939E-48E8-A9E6-61C8D36C718F}.Release|x86.ActiveCfg = Release|Win32
		{C6413899-939E-48E8-A9E6-61C8D36C718F}.Release|x86.Build.0 = Release|Win32
		{0A82ECDC-7520-453A-8F2C-D813FEEE7537}.Debug|Any CPU.ActiveCfg = Debug|Win32
		{0A82ECDC-7520-453A-8F2C-D813FEEE7537}.Debug|x64.ActiveCfg = Debug|x64
		{0A82ECDC-7520-453A-8F2C-D813FEEE7537}.Debug|x64.Build.0 = Debug|x64
		{0A82ECDC-7520-453A-8F2C-D813FEEE7537}.Debug|x86.ActiveCfg = Debug|Win32
		{0A82ECDC-7520-453A-8F2C-D813FEEE7537}.Debug|x86.Build.0 = Debug|Win32
		{0A82ECDC-7520-453A-8F2C-D813FEEE7537}.Release|Any CPU.ActiveCfg = Release|Win32
		{0A82ECDC-7520-453A-8F2C-D813FEEE7537}.Release|x64.ActiveCfg = Release|Win32
		{0A82ECDC-7520-453A-8F2C-D813FEEE7537}.Release|x86.ActiveCfg = Release|Win32
		{0A82ECDC-7520-453A-8F2C-D813FEEE7537}.Release|x86.Build.0 = Release|Win32
		{0258661B-F975-4061-9AA6-5E201397C91D}.Debug|Any CPU.ActiveCfg = Debug|Win32
		{0258661B-F975-4061-9AA6-5E201397C91D}.Debug|x64.ActiveCfg = Debug|x64
		{0258661B-F975-4061-9AA6-5E201397C91D}.Debug|x64.Build.0 = Debug|x64
		{0258661B-F975-4061-9AA6-5E201397C91D}.Debug|x86.ActiveCfg = Debug|Win32
		{0258661B-F975-4061-9AA6-5E201397C91D}.Debug|x86.Build.0 = Debug|Win32
		{0258661B-F975-4061-9AA6-5E201397C91D}.Release|Any CPU.ActiveCfg = Release|Win32
		{0258661B-F975-4061-9AA6-5E201397C91D}.Release|x64.ActiveCfg = Release|x64
		{0258661B-F975-4061-9AA6-5E201397C91D}.Release|x64.Build.0 = Release|x64
		{0258661B-F975-4061-9AA6-5E201397C91D}.Release|x86.ActiveCfg = Release|Win32
		{0258661B-F975-4061-9AA6-5E201397C91D}.Release|x86.Build.0 = Release|Win32
		{56D2F9D9-567B-44A9-9FBA-FC233DB0A6B3}.Debug|Any CPU.ActiveCfg = Debug|Win32
		{56D2F9D9-567B-44A9-9FBA-FC233DB0A6B3}.Debug|x64.ActiveCfg = Debug|x64
		{56D2F9D9-567B-44A9-9FBA-FC233DB0A6B3}.Debug|x64.Build.0 = Debug|x64
		{56D2F9D9-567B-44A9-9FBA-FC233DB0A6B3}.Debug|x86.ActiveCfg = Debug|Win32
		{56D2F9D9-567B-44A9-9FBA-FC233DB0A6B3}.Debug|x86.Build.0 = Debug|Win32
		{56D2F9D9-567B-44A9-9FBA-FC233DB0A6B3}.Release|Any CPU.ActiveCfg = Release|Win32
		{56D2F9D9-567B-44A9-9FBA-FC233DB0A6B3}.Release|x64.ActiveCfg = Release|x64
		{56D2F9D9-567B-44A9-9FBA-FC233DB0A6B3}.Release|x64.Build.0 = Release|x64
		{56D2F9D9-567B-44A9-9FBA-FC233DB0A6B3}.Release|x86.ActiveCfg = Release|Win32
		{56D2F9D9-567B-44A9-9FBA-FC233DB0A6B3}.Release|x86.Build.0 = Release|Win32
		{AC00494F-1347-47E2-B499-0F4B984B02D7}.Debug|Any CPU.ActiveCfg = Debug|Win32
		{AC00494F-1347-47E2-B499-0F4B984B02D7}.Debug|x64.ActiveCfg = Debug|x64
		{AC00494F-1347-47E2-B499-0F4B984B02D7}.Debug|x64.Build.0 = Debug|x64
		{AC00494F-1347-47E2-B499-0F4B984B02D7}.Debug|x86.ActiveCfg = Debug|Win32
		{AC00494F-1347-47E2-B499-0F4B984B02D7}.Debug|x86.Build.0 = Debug|Win32
		{AC00494F-1347-47E2-B499-0F4B984B02D7}.Release|Any CPU.ActiveCfg = Release|Win32
		{AC00494F-1347-47E2-B499-0F4B984B02D7}.Release|x64.ActiveCfg = Release|x64
		{AC00494F-1347-47E2-B499-0F4B984B02D7}.Release|x64.Build.0 = Release|x64
		{AC00494F-1347-47E2-B499-0F4B984B02D7}.Release|x86.ActiveCfg = Release|Win32
		{AC00494F-1347-47E2-B499-0F4B984B02D7}.Release|x86.Build.0 = Release|Win32
		{34A123C6-1001-4A8C-814C-AE1C04B0952B}.Debug|Any CPU.ActiveCfg = Debug|Win32
		{34A123C6-1001-4A8C-814C-AE1C04B0952B}.Debug|x64.ActiveCfg = Debug|x64
		{34A123C6-1001-4A8C-814C-AE1C04B0952B}.Debug|x64.Build.0 = Debug|x64
		{34A123C6-1001-4A8C-814C-AE1C04B0952B}.Debug|x86.ActiveCfg = Debug|Win32
		{34A123C6-1001-4A8C-814C-AE1C04B0952B}.Debug|x86.Build.0 = Debug|Win32
		{34A123C6-1001-4A8C-814C-AE1C04B0952B}.Release|Any CPU.ActiveCfg = Release|Win32
		{34A123C6-1001-4A8C-814C-AE1C04B0952B}.Release|x64.ActiveCfg = Release|x64
		{34A123C6-1001-4A8C-814C-AE1C04B0952B}.Release|x64.Build.0 = Release|x64
		{34A123C6-1001-4A8C-814C-AE1C04B0952B}.Release|x86.ActiveCfg = Release|Win32
		{34A123C6-1001-4A8C-814C-AE1C04B0952B}.Release|x86.Build.0 = Release|Win32
		{F6886453-D455-47E4-97D9-8C0AE91BFC73}.Debug|Any CPU.ActiveCfg = Debug|Win32
		{F6886453-D455-47E4-97D9-8C0AE91BFC73}.Debug|x64.ActiveCfg = Debug|x64
		{F6886453-D455-47E4-97D9-8C0AE91BFC73}.Debug|x64.Build.0 = Debug|x64
		{F6886453-D455-47E4-97D9-8C0AE91BFC73}.Debug|x86.ActiveCfg = Debug|Win32
		{F6886453-D455-47E4-97D9-8C0AE91BFC73}.Debug|x86.Build.0 = Debug|Win32
		{F6886453-D455-47E4-97D9-8C0AE91BFC73}.Release|Any CPU.ActiveCfg = Release|Win32
		{F6886453-D455-47E4-97D9-8C0AE91BFC73}.Release|x64.ActiveCfg = Release|x64
		{F6886453-D455-47E4-97D9-8C0AE91BFC73}.Release|x64.Build.0 = Release|x64
		{F6886453-D455-47E4-97D9-8C0AE91BFC73}.Release|x86.ActiveCfg = Release|Win32
		{F6886453-D455-47E4-97D9-8C0AE91BFC73}.Release|x86.Build.0 = Release|Win32
		{8C0D77F1-9AF6-4128-86DD-F942D89B787D}.Debug|Any CPU.ActiveCfg = Debug|Win32
		{8C0D77F1-9AF6-4128-86DD-F942D89B787D}.Debug|x64.ActiveCfg = Debug|x64
		{8C0D77F1-9AF6-4128-86DD-F942D89B787D}.Debug|x64.Build.0 = Debug|x64
		{8C0D77F1-9AF6-4128-86DD-F942D89B787D}.Debug|x86.ActiveCfg = Debug|Win32
		{8C0D77F1-9AF6-4128-86DD-F942D89B787D}.Debug|x86.Build.0 = Debug|Win32
		{8C0D77F1-9AF6-4128-86DD-F942D89B787D}.Release|Any CPU.ActiveCfg = Release|Win32
		{8C0D77F1-9AF6-4128-86DD-F942D89B787D}.Release|x64.ActiveCfg = Release|x64
		{8C0D77F1-9AF6-4128-86DD-F942D89B787D}.Release|x64.Build.0 = Release|x64
		{8C0D77F1-9AF6-4128-86DD-F942D89B787D}.Release|x86.ActiveCfg = Release|Win32
		{8C0D77F1-9AF6-4128-86DD-F942D89B787D}.Release|x86.Build.0 = Release|Win32
		{B7EEC589-37FD-46C5-B576-F6BB7A9DF988}.Debug|Any CPU.ActiveCfg = Debug|Win32
		{B7EEC589-37FD-46C5-B576-F6BB7A9DF988}.Debug|x64.ActiveCfg = Debug|x64
		{B7EEC589-37FD-46C5-B576-F6BB7A9DF988}.Debug|x64.Build.0 = Debug|x64
		{B7EEC589-37FD-46C5-B576-F6BB7A9DF988}.Debug|x86.ActiveCfg = Debug|Win32
		{B7EEC589-37FD-46C5-B576-F6BB7A9DF988}.Debug|x86.Build.0 = Debug|Win32
		{B7EEC589-37FD-46C5-B576-F6BB7A9DF988}.Release|Any CPU.ActiveCfg = Release|Win32
		{B7EEC589-37FD-46C5-B576-F6BB7A9DF988}.Release|x64.ActiveCfg = Release|x64
		{B7EEC589-37FD-46C5-B576-F6BB7A9DF988}.Release|x64.Build.0 = Release|x64
		{B7EEC589-37FD-46C5-B576-F6BB7A9DF988}.Release|x86.ActiveCfg = Release|Win32
		{B7EEC589-37FD-46C5-B576-F6BB7A9DF988}.Release|x86.Build.0 = Release|Win32
	EndGlobalSection
	GlobalSection(SolutionProperties) = preSolution
		HideSolutionNode = FALSE
	EndGlobalSection
EndGlobal
